
Microsoft Visual Studio Solution File, Format Version 12.00
Project("{FAE04EC0-301F-11D3-BF4B-00C04F79EFBC}") = "Engine", "Engine\Engine.csproj", "{ACBCEEE6-5941-4CCD-8609-C6FC281FDC96}"
EndProject
Global
	GlobalSection(SolutionConfigurationPlatforms) = preSolution
		Debug|Any CPU = Debug|Any CPU
		Release|Any CPU = Release|Any CPU
	EndGlobalSection
	GlobalSection(ProjectConfigurationPlatforms) = postSolution
		{ACBCEEE6-5941-4CCD-8609-C6FC281FDC96}.Debug|Any CPU.ActiveCfg = Debug|Any CPU
		{ACBCEEE6-5941-4CCD-8609-C6FC281FDC96}.Debug|Any CPU.Build.0 = Debug|Any CPU
		{ACBCEEE6-5941-4CCD-8609-C6FC281FDC96}.Release|Any CPU.ActiveCfg = Release|Any CPU
		{ACBCEEE6-5941-4CCD-8609-C6FC281FDC96}.Release|Any CPU.Build.0 = Release|Any CPU
	EndGlobalSection
EndGlobal
