
Microsoft Visual Studio Solution File, Format Version 12.00
Project("{FAE04EC0-301F-11D3-BF4B-00C04F79EFBC}") = "N8Engine.Core", "N8Engine.Core\N8Engine.Core.csproj", "{FEA166FB-16B4-474E-9982-65486655B36D}"
EndProject
Project("{FAE04EC0-301F-11D3-BF4B-00C04F79EFBC}") = "SampleGame", "SampleGame\SampleGame.csproj", "{271A7D60-DDC6-4E66-9FFC-C26B32839B0B}"
EndProject
Project("{2150E333-8FDC-42A3-9474-1A3956D46DE8}") = "Engine", "Engine", "{4D9CCEBA-ED42-49B5-8851-39332E12C3B7}"
EndProject
Project("{2150E333-8FDC-42A3-9474-1A3956D46DE8}") = "Examples", "Examples", "{C521A1AE-3B14-4149-9728-CB3A54868FC9}"
EndProject
Project("{FAE04EC0-301F-11D3-BF4B-00C04F79EFBC}") = "N8Engine.Tests", "N8Engine.Tests\N8Engine.Tests.csproj", "{16103C7E-8F84-4A15-B6D3-3BE594E4F51D}"
EndProject
Project("{FAE04EC0-301F-11D3-BF4B-00C04F79EFBC}") = "N8Engine.Extras", "N8Engine.Extras\N8Engine.Extras.csproj", "{704E6406-7105-48CD-8B57-CCD00D3397D4}"
EndProject
Global
	GlobalSection(SolutionConfigurationPlatforms) = preSolution
		Debug|Any CPU = Debug|Any CPU
		Release|Any CPU = Release|Any CPU
	EndGlobalSection
	GlobalSection(ProjectConfigurationPlatforms) = postSolution
		{FEA166FB-16B4-474E-9982-65486655B36D}.Debug|Any CPU.ActiveCfg = Debug|Any CPU
		{FEA166FB-16B4-474E-9982-65486655B36D}.Debug|Any CPU.Build.0 = Debug|Any CPU
		{FEA166FB-16B4-474E-9982-65486655B36D}.Release|Any CPU.ActiveCfg = Release|Any CPU
		{FEA166FB-16B4-474E-9982-65486655B36D}.Release|Any CPU.Build.0 = Release|Any CPU
		{271A7D60-DDC6-4E66-9FFC-C26B32839B0B}.Debug|Any CPU.ActiveCfg = Debug|Any CPU
		{271A7D60-DDC6-4E66-9FFC-C26B32839B0B}.Debug|Any CPU.Build.0 = Debug|Any CPU
		{271A7D60-DDC6-4E66-9FFC-C26B32839B0B}.Release|Any CPU.ActiveCfg = Release|Any CPU
		{271A7D60-DDC6-4E66-9FFC-C26B32839B0B}.Release|Any CPU.Build.0 = Release|Any CPU
		{16103C7E-8F84-4A15-B6D3-3BE594E4F51D}.Debug|Any CPU.ActiveCfg = Debug|Any CPU
		{16103C7E-8F84-4A15-B6D3-3BE594E4F51D}.Debug|Any CPU.Build.0 = Debug|Any CPU
		{16103C7E-8F84-4A15-B6D3-3BE594E4F51D}.Release|Any CPU.ActiveCfg = Release|Any CPU
		{16103C7E-8F84-4A15-B6D3-3BE594E4F51D}.Release|Any CPU.Build.0 = Release|Any CPU
		{704E6406-7105-48CD-8B57-CCD00D3397D4}.Debug|Any CPU.ActiveCfg = Debug|Any CPU
		{704E6406-7105-48CD-8B57-CCD00D3397D4}.Debug|Any CPU.Build.0 = Debug|Any CPU
		{704E6406-7105-48CD-8B57-CCD00D3397D4}.Release|Any CPU.ActiveCfg = Release|Any CPU
		{704E6406-7105-48CD-8B57-CCD00D3397D4}.Release|Any CPU.Build.0 = Release|Any CPU
	EndGlobalSection
	GlobalSection(NestedProjects) = preSolution
		{FEA166FB-16B4-474E-9982-65486655B36D} = {4D9CCEBA-ED42-49B5-8851-39332E12C3B7}
		{271A7D60-DDC6-4E66-9FFC-C26B32839B0B} = {C521A1AE-3B14-4149-9728-CB3A54868FC9}
		{16103C7E-8F84-4A15-B6D3-3BE594E4F51D} = {4D9CCEBA-ED42-49B5-8851-39332E12C3B7}
		{704E6406-7105-48CD-8B57-CCD00D3397D4} = {4D9CCEBA-ED42-49B5-8851-39332E12C3B7}
	EndGlobalSection
EndGlobal
