
Microsoft Visual Studio Solution File, Format Version 12.00
Project("{FAE04EC0-301F-11D3-BF4B-00C04F79EFBC}") = "N8Engine", "N8Engine\N8Engine.csproj", "{FEA166FB-16B4-474E-9982-65486655B36D}"
EndProject
Project("{FAE04EC0-301F-11D3-BF4B-00C04F79EFBC}") = "ErrorConsole", "ErrorConsole\ErrorConsole.csproj", "{FA4489B9-188C-4226-80D9-316D155D0AE1}"
EndProject
Project("{FAE04EC0-301F-11D3-BF4B-00C04F79EFBC}") = "SampleProject", "SampleProject\SampleProject.csproj", "{271A7D60-DDC6-4E66-9FFC-C26B32839B0B}"
EndProject
Project("{2150E333-8FDC-42A3-9474-1A3956D46DE8}") = "Internal", "Internal", "{4D9CCEBA-ED42-49B5-8851-39332E12C3B7}"
EndProject
Project("{2150E333-8FDC-42A3-9474-1A3956D46DE8}") = "Samples", "Samples", "{C521A1AE-3B14-4149-9728-CB3A54868FC9}"
EndProject
Global
	GlobalSection(SolutionConfigurationPlatforms) = preSolution
		Debug|Any CPU = Debug|Any CPU
		Release|Any CPU = Release|Any CPU
	EndGlobalSection
	GlobalSection(ProjectConfigurationPlatforms) = postSolution
		{FEA166FB-16B4-474E-9982-65486655B36D}.Debug|Any CPU.ActiveCfg = Debug|Any CPU
		{FEA166FB-16B4-474E-9982-65486655B36D}.Debug|Any CPU.Build.0 = Debug|Any CPU
		{FEA166FB-16B4-474E-9982-65486655B36D}.Release|Any CPU.ActiveCfg = Release|Any CPU
		{FEA166FB-16B4-474E-9982-65486655B36D}.Release|Any CPU.Build.0 = Release|Any CPU
		{FA4489B9-188C-4226-80D9-316D155D0AE1}.Debug|Any CPU.ActiveCfg = Debug|Any CPU
		{FA4489B9-188C-4226-80D9-316D155D0AE1}.Debug|Any CPU.Build.0 = Debug|Any CPU
		{FA4489B9-188C-4226-80D9-316D155D0AE1}.Release|Any CPU.ActiveCfg = Release|Any CPU
		{FA4489B9-188C-4226-80D9-316D155D0AE1}.Release|Any CPU.Build.0 = Release|Any CPU
		{271A7D60-DDC6-4E66-9FFC-C26B32839B0B}.Debug|Any CPU.ActiveCfg = Debug|Any CPU
		{271A7D60-DDC6-4E66-9FFC-C26B32839B0B}.Debug|Any CPU.Build.0 = Debug|Any CPU
		{271A7D60-DDC6-4E66-9FFC-C26B32839B0B}.Release|Any CPU.ActiveCfg = Release|Any CPU
		{271A7D60-DDC6-4E66-9FFC-C26B32839B0B}.Release|Any CPU.Build.0 = Release|Any CPU
	EndGlobalSection
	GlobalSection(NestedProjects) = preSolution
		{FA4489B9-188C-4226-80D9-316D155D0AE1} = {4D9CCEBA-ED42-49B5-8851-39332E12C3B7}
		{FEA166FB-16B4-474E-9982-65486655B36D} = {4D9CCEBA-ED42-49B5-8851-39332E12C3B7}
		{271A7D60-DDC6-4E66-9FFC-C26B32839B0B} = {C521A1AE-3B14-4149-9728-CB3A54868FC9}
	EndGlobalSection
EndGlobal
